
Microsoft Visual Studio Solution File, Format Version 12.00
# Visual Studio Version 16
VisualStudioVersion = 16.0.30717.126
MinimumVisualStudioVersion = 10.0.40219.1
Project("{FAE04EC0-301F-11D3-BF4B-00C04F79EFBC}") = "SwapiRater", "SwapiRater\SwapiRater.csproj", "{CE66E410-5021-4E63-852D-60ED6E83F55B}"
EndProject
Project("{FAE04EC0-301F-11D3-BF4B-00C04F79EFBC}") = "SwapiRater.Tests", "SwapiRater.Tests\SwapiRater.Tests.csproj", "{68DCEDF8-193E-46B0-87DB-A9A62DBA8920}"
EndProject
Global
	GlobalSection(SolutionConfigurationPlatforms) = preSolution
		Debug|Any CPU = Debug|Any CPU
		Release|Any CPU = Release|Any CPU
	EndGlobalSection
	GlobalSection(ProjectConfigurationPlatforms) = postSolution
		{CE66E410-5021-4E63-852D-60ED6E83F55B}.Debug|Any CPU.ActiveCfg = Debug|Any CPU
		{CE66E410-5021-4E63-852D-60ED6E83F55B}.Debug|Any CPU.Build.0 = Debug|Any CPU
		{CE66E410-5021-4E63-852D-60ED6E83F55B}.Release|Any CPU.ActiveCfg = Release|Any CPU
		{CE66E410-5021-4E63-852D-60ED6E83F55B}.Release|Any CPU.Build.0 = Release|Any CPU
		{68DCEDF8-193E-46B0-87DB-A9A62DBA8920}.Debug|Any CPU.ActiveCfg = Debug|Any CPU
		{68DCEDF8-193E-46B0-87DB-A9A62DBA8920}.Debug|Any CPU.Build.0 = Debug|Any CPU
		{68DCEDF8-193E-46B0-87DB-A9A62DBA8920}.Release|Any CPU.ActiveCfg = Release|Any CPU
		{68DCEDF8-193E-46B0-87DB-A9A62DBA8920}.Release|Any CPU.Build.0 = Release|Any CPU
	EndGlobalSection
	GlobalSection(SolutionProperties) = preSolution
		HideSolutionNode = FALSE
	EndGlobalSection
	GlobalSection(ExtensibilityGlobals) = postSolution
		SolutionGuid = {1DFEB892-B3AE-4ECE-A578-A9C051676110}
	EndGlobalSection
EndGlobal
